// !$*UTF8*$!
{
	archiveVersion = 1;
	classes = {
	};
	objectVersion = 56;
	objects = {

/* Begin PBXBuildFile section */
		F53DB49C29CBDD03006E6DA3 /* ListView.swift in Sources */ = {isa = PBXBuildFile; fileRef = F53DB49B29CBDD03006E6DA3 /* ListView.swift */; };
		F53DB49E29CBDECA006E6DA3 /* ListRowView.swift in Sources */ = {isa = PBXBuildFile; fileRef = F53DB49D29CBDECA006E6DA3 /* ListRowView.swift */; };
		F53DB4A029CBE16D006E6DA3 /* AddView.swift in Sources */ = {isa = PBXBuildFile; fileRef = F53DB49F29CBE16D006E6DA3 /* AddView.swift */; };
		F5C0DBE429CC1A2800250514 /* ItemModel.swift in Sources */ = {isa = PBXBuildFile; fileRef = F5C0DBE329CC1A2800250514 /* ItemModel.swift */; };
		F5F7D58929A54E2A00D7F4AD /* MobileDevApplication_ProjectApp.swift in Sources */ = {isa = PBXBuildFile; fileRef = F5F7D58829A54E2A00D7F4AD /* MobileDevApplication_ProjectApp.swift */; };
		F5F7D58D29A54E2B00D7F4AD /* Assets.xcassets in Resources */ = {isa = PBXBuildFile; fileRef = F5F7D58C29A54E2B00D7F4AD /* Assets.xcassets */; };
		F5F7D59029A54E2B00D7F4AD /* Preview Assets.xcassets in Resources */ = {isa = PBXBuildFile; fileRef = F5F7D58F29A54E2B00D7F4AD /* Preview Assets.xcassets */; };
/* End PBXBuildFile section */

/* Begin PBXFileReference section */
		F53DB49B29CBDD03006E6DA3 /* ListView.swift */ = {isa = PBXFileReference; lastKnownFileType = sourcecode.swift; path = ListView.swift; sourceTree = "<group>"; };
		F53DB49D29CBDECA006E6DA3 /* ListRowView.swift */ = {isa = PBXFileReference; lastKnownFileType = sourcecode.swift; path = ListRowView.swift; sourceTree = "<group>"; };
		F53DB49F29CBE16D006E6DA3 /* AddView.swift */ = {isa = PBXFileReference; lastKnownFileType = sourcecode.swift; path = AddView.swift; sourceTree = "<group>"; };
		F5C0DBE329CC1A2800250514 /* ItemModel.swift */ = {isa = PBXFileReference; lastKnownFileType = sourcecode.swift; path = ItemModel.swift; sourceTree = "<group>"; };
		F5F7D58529A54E2A00D7F4AD /* MobileDevApplication_Project.app */ = {isa = PBXFileReference; explicitFileType = wrapper.application; includeInIndex = 0; path = MobileDevApplication_Project.app; sourceTree = BUILT_PRODUCTS_DIR; };
		F5F7D58829A54E2A00D7F4AD /* MobileDevApplication_ProjectApp.swift */ = {isa = PBXFileReference; lastKnownFileType = sourcecode.swift; path = MobileDevApplication_ProjectApp.swift; sourceTree = "<group>"; };
		F5F7D58C29A54E2B00D7F4AD /* Assets.xcassets */ = {isa = PBXFileReference; lastKnownFileType = folder.assetcatalog; path = Assets.xcassets; sourceTree = "<group>"; };
		F5F7D58F29A54E2B00D7F4AD /* Preview Assets.xcassets */ = {isa = PBXFileReference; lastKnownFileType = folder.assetcatalog; path = "Preview Assets.xcassets"; sourceTree = "<group>"; };
/* End PBXFileReference section */

/* Begin PBXFrameworksBuildPhase section */
		F5F7D58229A54E2A00D7F4AD /* Frameworks */ = {
			isa = PBXFrameworksBuildPhase;
			buildActionMask = 2147483647;
			files = (
			);
			runOnlyForDeploymentPostprocessing = 0;
		};
/* End PBXFrameworksBuildPhase section */

/* Begin PBXGroup section */
		F53DB49A29CBDCE3006E6DA3 /* Views */ = {
			isa = PBXGroup;
			children = (
				F53DB49B29CBDD03006E6DA3 /* ListView.swift */,
				F53DB49D29CBDECA006E6DA3 /* ListRowView.swift */,
				F53DB49F29CBE16D006E6DA3 /* AddView.swift */,
			);
			path = Views;
			sourceTree = "<group>";
		};
		F5C0DBE229CC1A0400250514 /* Models */ = {
			isa = PBXGroup;
			children = (
				F5C0DBE329CC1A2800250514 /* ItemModel.swift */,
			);
			path = Models;
			sourceTree = "<group>";
		};
		F5F7D57C29A54E2A00D7F4AD = {
			isa = PBXGroup;
			children = (
				F5F7D58729A54E2A00D7F4AD /* MobileDevApplication_Project */,
				F5F7D58629A54E2A00D7F4AD /* Products */,
			);
			sourceTree = "<group>";
		};
		F5F7D58629A54E2A00D7F4AD /* Products */ = {
			isa = PBXGroup;
			children = (
				F5F7D58529A54E2A00D7F4AD /* MobileDevApplication_Project.app */,
			);
			name = Products;
			sourceTree = "<group>";
		};
		F5F7D58729A54E2A00D7F4AD /* MobileDevApplication_Project */ = {
			isa = PBXGroup;
			children = (
				F5C0DBE229CC1A0400250514 /* Models */,
				F53DB49A29CBDCE3006E6DA3 /* Views */,
				F5F7D58829A54E2A00D7F4AD /* MobileDevApplication_ProjectApp.swift */,
				F5F7D58C29A54E2B00D7F4AD /* Assets.xcassets */,
				F5F7D58E29A54E2B00D7F4AD /* Preview Content */,
			);
			path = MobileDevApplication_Project;
			sourceTree = "<group>";
		};
		F5F7D58E29A54E2B00D7F4AD /* Preview Content */ = {
			isa = PBXGroup;
			children = (
				F5F7D58F29A54E2B00D7F4AD /* Preview Assets.xcassets */,
			);
			path = "Preview Content";
			sourceTree = "<group>";
		};
/* End PBXGroup section */

/* Begin PBXNativeTarget section */
		F5F7D58429A54E2A00D7F4AD /* MobileDevApplication_Project */ = {
			isa = PBXNativeTarget;
			buildConfigurationList = F5F7D59329A54E2B00D7F4AD /* Build configuration list for PBXNativeTarget "MobileDevApplication_Project" */;
			buildPhases = (
				F5F7D58129A54E2A00D7F4AD /* Sources */,
				F5F7D58229A54E2A00D7F4AD /* Frameworks */,
				F5F7D58329A54E2A00D7F4AD /* Resources */,
			);
			buildRules = (
			);
			dependencies = (
			);
			name = MobileDevApplication_Project;
			productName = MobileDevApplication_Project;
			productReference = F5F7D58529A54E2A00D7F4AD /* MobileDevApplication_Project.app */;
			productType = "com.apple.product-type.application";
		};
/* End PBXNativeTarget section */

/* Begin PBXProject section */
		F5F7D57D29A54E2A00D7F4AD /* Project object */ = {
			isa = PBXProject;
			attributes = {
				BuildIndependentTargetsInParallel = 1;
				LastSwiftUpdateCheck = 1420;
				LastUpgradeCheck = 1420;
				TargetAttributes = {
					F5F7D58429A54E2A00D7F4AD = {
						CreatedOnToolsVersion = 14.2;
					};
				};
			};
			buildConfigurationList = F5F7D58029A54E2A00D7F4AD /* Build configuration list for PBXProject "MobileDevApplication_Project" */;
			compatibilityVersion = "Xcode 14.0";
			developmentRegion = en;
			hasScannedForEncodings = 0;
			knownRegions = (
				en,
				Base,
			);
			mainGroup = F5F7D57C29A54E2A00D7F4AD;
			productRefGroup = F5F7D58629A54E2A00D7F4AD /* Products */;
			projectDirPath = "";
			projectRoot = "";
			targets = (
				F5F7D58429A54E2A00D7F4AD /* MobileDevApplication_Project */,
			);
		};
/* End PBXProject section */

/* Begin PBXResourcesBuildPhase section */
		F5F7D58329A54E2A00D7F4AD /* Resources */ = {
			isa = PBXResourcesBuildPhase;
			buildActionMask = 2147483647;
			files = (
				F5F7D59029A54E2B00D7F4AD /* Preview Assets.xcassets in Resources */,
				F5F7D58D29A54E2B00D7F4AD /* Assets.xcassets in Resources */,
			);
			runOnlyForDeploymentPostprocessing = 0;
		};
/* End PBXResourcesBuildPhase section */

/* Begin PBXSourcesBuildPhase section */
		F5F7D58129A54E2A00D7F4AD /* Sources */ = {
			isa = PBXSourcesBuildPhase;
			buildActionMask = 2147483647;
			files = (
				F5C0DBE429CC1A2800250514 /* ItemModel.swift in Sources */,
				F53DB4A029CBE16D006E6DA3 /* AddView.swift in Sources */,
				F5F7D58929A54E2A00D7F4AD /* MobileDevApplication_ProjectApp.swift in Sources */,
				F53DB49C29CBDD03006E6DA3 /* ListView.swift in Sources */,
				F53DB49E29CBDECA006E6DA3 /* ListRowView.swift in Sources */,
			);
			runOnlyForDeploymentPostprocessing = 0;
		};
/* End PBXSourcesBuildPhase section */

/* Begin XCBuildConfiguration section */
		F5F7D59129A54E2B00D7F4AD /* Debug */ = {
			isa = XCBuildConfiguration;
			buildSettings = {
				ALWAYS_SEARCH_USER_PATHS = NO;
				CLANG_ANALYZER_NONNULL = YES;
				CLANG_ANALYZER_NUMBER_OBJECT_CONVERSION = YES_AGGRESSIVE;
				CLANG_CXX_LANGUAGE_STANDARD = "gnu++20";
				CLANG_ENABLE_MODULES = YES;
				CLANG_ENABLE_OBJC_ARC = YES;
				CLANG_ENABLE_OBJC_WEAK = YES;
				CLANG_WARN_BLOCK_CAPTURE_AUTORELEASING = YES;
				CLANG_WARN_BOOL_CONVERSION = YES;
				CLANG_WARN_COMMA = YES;
				CLANG_WARN_CONSTANT_CONVERSION = YES;
				CLANG_WARN_DEPRECATED_OBJC_IMPLEMENTATIONS = YES;
				CLANG_WARN_DIRECT_OBJC_ISA_USAGE = YES_ERROR;
				CLANG_WARN_DOCUMENTATION_COMMENTS = YES;
				CLANG_WARN_EMPTY_BODY = YES;
				CLANG_WARN_ENUM_CONVERSION = YES;
				CLANG_WARN_INFINITE_RECURSION = YES;
				CLANG_WARN_INT_CONVERSION = YES;
				CLANG_WARN_NON_LITERAL_NULL_CONVERSION = YES;
				CLANG_WARN_OBJC_IMPLICIT_RETAIN_SELF = YES;
				CLANG_WARN_OBJC_LITERAL_CONVERSION = YES;
				CLANG_WARN_OBJC_ROOT_CLASS = YES_ERROR;
				CLANG_WARN_QUOTED_INCLUDE_IN_FRAMEWORK_HEADER = YES;
				CLANG_WARN_RANGE_LOOP_ANALYSIS = YES;
				CLANG_WARN_STRICT_PROTOTYPES = YES;
				CLANG_WARN_SUSPICIOUS_MOVE = YES;
				CLANG_WARN_UNGUARDED_AVAILABILITY = YES_AGGRESSIVE;
				CLANG_WARN_UNREACHABLE_CODE = YES;
				CLANG_WARN__DUPLICATE_METHOD_MATCH = YES;
				COPY_PHASE_STRIP = NO;
				DEBUG_INFORMATION_FORMAT = dwarf;
				ENABLE_STRICT_OBJC_MSGSEND = YES;
				ENABLE_TESTABILITY = YES;
				GCC_C_LANGUAGE_STANDARD = gnu11;
				GCC_DYNAMIC_NO_PIC = NO;
				GCC_NO_COMMON_BLOCKS = YES;
				GCC_OPTIMIZATION_LEVEL = 0;
				GCC_PREPROCESSOR_DEFINITIONS = (
					"DEBUG=1",
					"$(inherited)",
				);
				GCC_WARN_64_TO_32_BIT_CONVERSION = YES;
				GCC_WARN_ABOUT_RETURN_TYPE = YES_ERROR;
				GCC_WARN_UNDECLARED_SELECTOR = YES;
				GCC_WARN_UNINITIALIZED_AUTOS = YES_AGGRESSIVE;
				GCC_WARN_UNUSED_FUNCTION = YES;
				GCC_WARN_UNUSED_VARIABLE = YES;
				IPHONEOS_DEPLOYMENT_TARGET = 16.2;
				MTL_ENABLE_DEBUG_INFO = INCLUDE_SOURCE;
				MTL_FAST_MATH = YES;
				ONLY_ACTIVE_ARCH = YES;
				SDKROOT = iphoneos;
				SWIFT_ACTIVE_COMPILATION_CONDITIONS = DEBUG;
				SWIFT_OPTIMIZATION_LEVEL = "-Onone";
			};
			name = Debug;
		};
		F5F7D59229A54E2B00D7F4AD /* Release */ = {
			isa = XCBuildConfiguration;
			buildSettings = {
				ALWAYS_SEARCH_USER_PATHS = NO;
				CLANG_ANALYZER_NONNULL = YES;
				CLANG_ANALYZER_NUMBER_OBJECT_CONVERSION = YES_AGGRESSIVE;
				CLANG_CXX_LANGUAGE_STANDARD = "gnu++20";
				CLANG_ENABLE_MODULES = YES;
				CLANG_ENABLE_OBJC_ARC = YES;
				CLANG_ENABLE_OBJC_WEAK = YES;
				CLANG_WARN_BLOCK_CAPTURE_AUTORELEASING = YES;
				CLANG_WARN_BOOL_CONVERSION = YES;
				CLANG_WARN_COMMA = YES;
				CLANG_WARN_CONSTANT_CONVERSION = YES;
				CLANG_WARN_DEPRECATED_OBJC_IMPLEMENTATIONS = YES;
				CLANG_WARN_DIRECT_OBJC_ISA_USAGE = YES_ERROR;
				CLANG_WARN_DOCUMENTATION_COMMENTS = YES;
				CLANG_WARN_EMPTY_BODY = YES;
				CLANG_WARN_ENUM_CONVERSION = YES;
				CLANG_WARN_INFINITE_RECURSION = YES;
				CLANG_WARN_INT_CONVERSION = YES;
				CLANG_WARN_NON_LITERAL_NULL_CONVERSION = YES;
				CLANG_WARN_OBJC_IMPLICIT_RETAIN_SELF = YES;
				CLANG_WARN_OBJC_LITERAL_CONVERSION = YES;
				CLANG_WARN_OBJC_ROOT_CLASS = YES_ERROR;
				CLANG_WARN_QUOTED_INCLUDE_IN_FRAMEWORK_HEADER = YES;
				CLANG_WARN_RANGE_LOOP_ANALYSIS = YES;
				CLANG_WARN_STRICT_PROTOTYPES = YES;
				CLANG_WARN_SUSPICIOUS_MOVE = YES;
				CLANG_WARN_UNGUARDED_AVAILABILITY = YES_AGGRESSIVE;
				CLANG_WARN_UNREACHABLE_CODE = YES;
				CLANG_WARN__DUPLICATE_METHOD_MATCH = YES;
				COPY_PHASE_STRIP = NO;
				DEBUG_INFORMATION_FORMAT = "dwarf-with-dsym";
				ENABLE_NS_ASSERTIONS = NO;
				ENABLE_STRICT_OBJC_MSGSEND = YES;
				GCC_C_LANGUAGE_STANDARD = gnu11;
				GCC_NO_COMMON_BLOCKS = YES;
				GCC_WARN_64_TO_32_BIT_CONVERSION = YES;
				GCC_WARN_ABOUT_RETURN_TYPE = YES_ERROR;
				GCC_WARN_UNDECLARED_SELECTOR = YES;
				GCC_WARN_UNINITIALIZED_AUTOS = YES_AGGRESSIVE;
				GCC_WARN_UNUSED_FUNCTION = YES;
				GCC_WARN_UNUSED_VARIABLE = YES;
				IPHONEOS_DEPLOYMENT_TARGET = 16.2;
				MTL_ENABLE_DEBUG_INFO = NO;
				MTL_FAST_MATH = YES;
				SDKROOT = iphoneos;
				SWIFT_COMPILATION_MODE = wholemodule;
				SWIFT_OPTIMIZATION_LEVEL = "-O";
				VALIDATE_PRODUCT = YES;
			};
			name = Release;
		};
		F5F7D59429A54E2B00D7F4AD /* Debug */ = {
			isa = XCBuildConfiguration;
			buildSettings = {
				ASSETCATALOG_COMPILER_APPICON_NAME = AppIcon;
				ASSETCATALOG_COMPILER_GLOBAL_ACCENT_COLOR_NAME = AccentColor;
				CODE_SIGN_STYLE = Automatic;
				CURRENT_PROJECT_VERSION = 1;
				DEVELOPMENT_ASSET_PATHS = "\"MobileDevApplication_Project/Preview Content\"";
				ENABLE_PREVIEWS = YES;
				GENERATE_INFOPLIST_FILE = YES;
				INFOPLIST_KEY_UIApplicationSceneManifest_Generation = YES;
				INFOPLIST_KEY_UIApplicationSupportsIndirectInputEvents = YES;
				INFOPLIST_KEY_UILaunchScreen_Generation = YES;
				INFOPLIST_KEY_UISupportedInterfaceOrientations_iPad = "UIInterfaceOrientationPortrait UIInterfaceOrientationPortraitUpsideDown UIInterfaceOrientationLandscapeLeft UIInterfaceOrientationLandscapeRight";
				INFOPLIST_KEY_UISupportedInterfaceOrientations_iPhone = "UIInterfaceOrientationPortrait UIInterfaceOrientationLandscapeLeft UIInterfaceOrientationLandscapeRight";
				LD_RUNPATH_SEARCH_PATHS = (
					"$(inherited)",
					"@executable_path/Frameworks",
				);
				MARKETING_VERSION = 1.0;
				PRODUCT_BUNDLE_IDENTIFIER = "ca.georgebrown.comp3097Project.MobileDevApplication-Project";
				PRODUCT_NAME = "$(TARGET_NAME)";
				SWIFT_EMIT_LOC_STRINGS = YES;
				SWIFT_VERSION = 5.0;
				TARGETED_DEVICE_FAMILY = "1,2";
			};
			name = Debug;
		};
		F5F7D59529A54E2B00D7F4AD /* Release */ = {
			isa = XCBuildConfiguration;
			buildSettings = {
				ASSETCATALOG_COMPILER_APPICON_NAME = AppIcon;
				ASSETCATALOG_COMPILER_GLOBAL_ACCENT_COLOR_NAME = AccentColor;
				CODE_SIGN_STYLE = Automatic;
				CURRENT_PROJECT_VERSION = 1;
				DEVELOPMENT_ASSET_PATHS = "\"MobileDevApplication_Project/Preview Content\"";
				ENABLE_PREVIEWS = YES;
				GENERATE_INFOPLIST_FILE = YES;
				INFOPLIST_KEY_UIApplicationSceneManifest_Generation = YES;
				INFOPLIST_KEY_UIApplicationSupportsIndirectInputEvents = YES;
				INFOPLIST_KEY_UILaunchScreen_Generation = YES;
				INFOPLIST_KEY_UISupportedInterfaceOrientations_iPad = "UIInterfaceOrientationPortrait UIInterfaceOrientationPortraitUpsideDown UIInterfaceOrientationLandscapeLeft UIInterfaceOrientationLandscapeRight";
				INFOPLIST_KEY_UISupportedInterfaceOrientations_iPhone = "UIInterfaceOrientationPortrait UIInterfaceOrientationLandscapeLeft UIInterfaceOrientationLandscapeRight";
				LD_RUNPATH_SEARCH_PATHS = (
					"$(inherited)",
					"@executable_path/Frameworks",
				);
				MARKETING_VERSION = 1.0;
				PRODUCT_BUNDLE_IDENTIFIER = "ca.georgebrown.comp3097Project.MobileDevApplication-Project";
				PRODUCT_NAME = "$(TARGET_NAME)";
				SWIFT_EMIT_LOC_STRINGS = YES;
				SWIFT_VERSION = 5.0;
				TARGETED_DEVICE_FAMILY = "1,2";
			};
			name = Release;
		};
/* End XCBuildConfiguration section */

/* Begin XCConfigurationList section */
		F5F7D58029A54E2A00D7F4AD /* Build configuration list for PBXProject "MobileDevApplication_Project" */ = {
			isa = XCConfigurationList;
			buildConfigurations = (
				F5F7D59129A54E2B00D7F4AD /* Debug */,
				F5F7D59229A54E2B00D7F4AD /* Release */,
			);
			defaultConfigurationIsVisible = 0;
			defaultConfigurationName = Release;
		};
		F5F7D59329A54E2B00D7F4AD /* Build configuration list for PBXNativeTarget "MobileDevApplication_Project" */ = {
			isa = XCConfigurationList;
			buildConfigurations = (
				F5F7D59429A54E2B00D7F4AD /* Debug */,
				F5F7D59529A54E2B00D7F4AD /* Release */,
			);
			defaultConfigurationIsVisible = 0;
			defaultConfigurationName = Release;
		};
/* End XCConfigurationList section */
	};
	rootObject = F5F7D57D29A54E2A00D7F4AD /* Project object */;
}
